lockfileVersion: '9.0'

settings:
  autoInstallPeers: true
  excludeLinksFromLockfile: false

importers:

  .:
    dependencies:
      '@ai-sdk/mcp':
        specifier: ^1.0.23
        version: 1.0.23(zod@4.3.6)
      '@ai-sdk/openai':
        specifier: ^3.0.38
        version: 3.0.38(zod@4.3.6)
      '@openrouter/ai-sdk-provider':
        specifier: ^2.3.3
        version: 2.3.3(ai@6.0.106(zod@4.3.6))(zod@4.3.6)
      ai:
        specifier: ^6.0.106
        version: 6.0.106(zod@4.3.6)
      ai-sdk-ollama:
        specifier: ^3.8.0
        version: 3.8.0(ai@6.0.106(zod@4.3.6))(zod@4.3.6)
      discord.js:
        specifier: ^14.25.1
        version: 14.25.1
      toml:
        specifier: ^3.0.0
        version: 3.0.0
      zod:
        specifier: ^4.3.6
        version: 4.3.6
    devDependencies:
      '@benricheson101/util':
        specifier: ^1.5.5
        version: 1.5.5
      '@biomejs/biome':
        specifier: ^2.4.5
        version: 2.4.5
      '@types/json-schema':
        specifier: ^7.0.15
        version: 7.0.15
      '@types/node':
        specifier: ^25.3.3
        version: 25.3.3
      typescript:
        specifier: ^5.9.3
        version: 5.9.3

packages:

  '@ai-sdk/gateway@3.0.60':
    resolution: {integrity: sha512-CUwcZRzJEGVhz68Ve7WY0YYbnNOnB6MkL8GcmgjU5hAZbUPaBWUmHOp3N6BRgNzAnwh1mtOLSC3e3+F5Dx+PKg==}
    engines: {node: '>=18'}
    peerDependencies:
      zod: ^3.25.76 || ^4.1.8

  '@ai-sdk/mcp@1.0.23':
    resolution: {integrity: sha512-Lx2tO7yJJkmQD5S/LsqJFUCZmyoWml4jjTwvaxArTcsPrh7Pfz+JLtpQWsvlquh3B70CmXT9rbobG5oDxJ4WDQ==}
    engines: {node: '>=18'}
    peerDependencies:
      zod: ^3.25.76 || ^4.1.8

  '@ai-sdk/openai@3.0.38':
    resolution: {integrity: sha512-TtHxdEOUpRTEGgYOUHzgrrFYBiI3BBz8zbQokWNtQtR6CWSP/7JjmsGamU31CEhH2LD98vxc4V30/kjTNgGGUQ==}
    engines: {node: '>=18'}
    peerDependencies:
      zod: ^3.25.76 || ^4.1.8

  '@ai-sdk/provider-utils@4.0.16':
    resolution: {integrity: sha512-kBvDqNkt5EwlzF9FujmNhhtl8FYg3e8FO8P5uneKliqfRThWemzBj+wfYr7ZCymAQhTRnwSSz1/SOqhOAwmx9g==}
    engines: {node: '>=18'}
    peerDependencies:
      zod: ^3.25.76 || ^4.1.8

  '@ai-sdk/provider-utils@4.0.17':
    resolution: {integrity: sha512-oyCeFINTYK0B8ZGUBiQc05G5vytPlKSmTTtm19xfJuUgoi8zkvvRcoPQci4mSnyfpPn2XSFFDfsALG8uGcapfg==}
    engines: {node: '>=18'}
    peerDependencies:
      zod: ^3.25.76 || ^4.1.8

  '@ai-sdk/provider@3.0.8':
    resolution: {integrity: sha512-oGMAgGoQdBXbZqNG0Ze56CHjDZ1IDYOwGYxYjO5KLSlz5HiNQ9udIXsPZ61VWaHGZ5XW/jyjmr6t2xz2jGVwbQ==}
    engines: {node: '>=18'}

  '@benricheson101/util@1.5.5':
    resolution: {integrity: sha512-e9iXZTpxPFomWifwf9gfaayfrBXA1MWtKB0FynpIt+q+vZqARc32S2nMaoW9D1+Qq6LfwnmgZC6v0GMiwo+Usg==}

  '@biomejs/biome@2.4.5':
    resolution: {integrity: sha512-OWNCyMS0Q011R6YifXNOg6qsOg64IVc7XX6SqGsrGszPbkVCoaO7Sr/lISFnXZ9hjQhDewwZ40789QmrG0GYgQ==}
    engines: {node: '>=14.21.3'}
    hasBin: true

  '@biomejs/cli-darwin-arm64@2.4.5':
    resolution: {integrity: sha512-lGS4Nd5O3KQJ6TeWv10mElnx1phERhBxqGP/IKq0SvZl78kcWDFMaTtVK+w3v3lusRFxJY78n07PbKplirsU5g==}
    engines: {node: '>=14.21.3'}
    cpu: [arm64]
    os: [darwin]

  '@biomejs/cli-darwin-x64@2.4.5':
    resolution: {integrity: sha512-6MoH4tyISIBNkZ2Q5T1R7dLd5BsITb2yhhhrU9jHZxnNSNMWl+s2Mxu7NBF8Y3a7JJcqq9nsk8i637z4gqkJxQ==}
    engines: {node: '>=14.21.3'}
    cpu: [x64]
    os: [darwin]

  '@biomejs/cli-linux-arm64-musl@2.4.5':
    resolution: {integrity: sha512-iqLDgpzobG7gpBF0fwEVS/LT8kmN7+S0E2YKFDtqliJfzNLnAiV2Nnyb+ehCDCJgAZBASkYHR2o60VQWikpqIg==}
    engines: {node: '>=14.21.3'}
    cpu: [arm64]
    os: [linux]
    libc: [musl]

  '@biomejs/cli-linux-arm64@2.4.5':
    resolution: {integrity: sha512-U1GAG6FTjhAO04MyH4xn23wRNBkT6H7NentHh+8UxD6ShXKBm5SY4RedKJzkUThANxb9rUKIPc7B8ew9Xo/cWg==}
    engines: {node: '>=14.21.3'}
    cpu: [arm64]
    os: [linux]
    libc: [glibc]

  '@biomejs/cli-linux-x64-musl@2.4.5':
    resolution: {integrity: sha512-NlKa7GpbQmNhZf9kakQeddqZyT7itN7jjWdakELeXyTU3pg/83fTysRRDPJD0akTfKDl6vZYNT9Zqn4MYZVBOA==}
    engines: {node: '>=14.21.3'}
    cpu: [x64]
    os: [linux]
    libc: [musl]

  '@biomejs/cli-linux-x64@2.4.5':
    resolution: {integrity: sha512-NdODlSugMzTlENPTa4z0xB82dTUlCpsrOxc43///aNkTLblIYH4XpYflBbf5ySlQuP8AA4AZd1qXhV07IdrHdQ==}
    engines: {node: '>=14.21.3'}
    cpu: [x64]
    os: [linux]
    libc: [glibc]

  '@biomejs/cli-win32-arm64@2.4.5':
    resolution: {integrity: sha512-EBfrTqRIWOFSd7CQb/0ttjHMR88zm3hGravnDwUA9wHAaCAYsULKDebWcN5RmrEo1KBtl/gDVJMrFjNR0pdGUw==}
    engines: {node: '>=14.21.3'}
    cpu: [arm64]
    os: [win32]

  '@biomejs/cli-win32-x64@2.4.5':
    resolution: {integrity: sha512-Pmhv9zT95YzECfjEHNl3mN9Vhusw9VA5KHY0ZvlGsxsjwS5cb7vpRnHzJIv0vG7jB0JI7xEaMH9ddfZm/RozBw==}
    engines: {node: '>=14.21.3'}
    cpu: [x64]
    os: [win32]

  '@discordjs/builders@1.13.1':
    resolution: {integrity: sha512-cOU0UDHc3lp/5nKByDxkmRiNZBpdp0kx55aarbiAfakfKJHlxv/yFW1zmIqCAmwH5CRlrH9iMFKJMpvW4DPB+w==}
    engines: {node: '>=16.11.0'}

  '@discordjs/collection@1.5.3':
    resolution: {integrity: sha512-SVb428OMd3WO1paV3rm6tSjM4wC+Kecaa1EUGX7vc6/fddvw/6lg90z4QtCqm21zvVe92vMMDt9+DkIvjXImQQ==}
    engines: {node: '>=16.11.0'}

  '@discordjs/collection@2.1.1':
    resolution: {integrity: sha512-LiSusze9Tc7qF03sLCujF5iZp7K+vRNEDBZ86FT9aQAv3vxMLihUvKvpsCWiQ2DJq1tVckopKm1rxomgNUc9hg==}
    engines: {node: '>=18'}

  '@discordjs/formatters@0.6.2':
    resolution: {integrity: sha512-y4UPwWhH6vChKRkGdMB4odasUbHOUwy7KL+OVwF86PvT6QVOwElx+TiI1/6kcmcEe+g5YRXJFiXSXUdabqZOvQ==}
    engines: {node: '>=16.11.0'}

  '@discordjs/rest@2.6.0':
    resolution: {integrity: sha512-RDYrhmpB7mTvmCKcpj+pc5k7POKszS4E2O9TYc+U+Y4iaCP+r910QdO43qmpOja8LRr1RJ0b3U+CqVsnPqzf4w==}
    engines: {node: '>=18'}

  '@discordjs/util@1.2.0':
    resolution: {integrity: sha512-3LKP7F2+atl9vJFhaBjn4nOaSWahZ/yWjOvA4e5pnXkt2qyXRCHLxoBQy81GFtLGCq7K9lPm9R517M1U+/90Qg==}
    engines: {node: '>=18'}

  '@discordjs/ws@1.2.3':
    resolution: {integrity: sha512-wPlQDxEmlDg5IxhJPuxXr3Vy9AjYq5xCvFWGJyD7w7Np8ZGu+Mc+97LCoEc/+AYCo2IDpKioiH0/c/mj5ZR9Uw==}
    engines: {node: '>=16.11.0'}

  '@openrouter/ai-sdk-provider@2.3.3':
    resolution: {integrity: sha512-4fVteGkVedc7fGoA9+qJs4tpYwALezMq14m2Sjub3KmyRlksCbK+WJf67NPdGem8+NZrV2tAN42A1NU3+SiV3w==}
    engines: {node: '>=18'}
    peerDependencies:
      ai: ^6.0.0
      zod: ^3.25.0 || ^4.0.0

  '@opentelemetry/api@1.9.0':
    resolution: {integrity: sha512-3giAOQvZiH5F9bMlMiv8+GSPMeqg0dbaeo58/0SlA9sxSqZhnUtxzX9/2FzyhS9sWQf5S0GJE0AKBrFqjpeYcg==}
    engines: {node: '>=8.0.0'}

  '@sapphire/async-queue@1.5.5':
    resolution: {integrity: sha512-cvGzxbba6sav2zZkH8GPf2oGk9yYoD5qrNWdu9fRehifgnFZJMV+nuy2nON2roRO4yQQ+v7MK/Pktl/HgfsUXg==}
    engines: {node: '>=v14.0.0', npm: '>=7.0.0'}

  '@sapphire/shapeshift@4.0.0':
    resolution: {integrity: sha512-d9dUmWVA7MMiKobL3VpLF8P2aeanRTu6ypG2OIaEv/ZHH/SUQ2iHOVyi5wAPjQ+HmnMuL0whK9ez8I/raWbtIg==}
    engines: {node: '>=v16'}

  '@sapphire/snowflake@3.5.3':
    resolution: {integrity: sha512-jjmJywLAFoWeBi1W7994zZyiNWPIiqRRNAmSERxyg93xRGzNYvGjlZ0gR6x0F4gPRi2+0O6S71kOZYyr3cxaIQ==}
    engines: {node: '>=v14.0.0', npm: '>=7.0.0'}

  '@standard-schema/spec@1.1.0':
    resolution: {integrity: sha512-l2aFy5jALhniG5HgqrD6jXLi/rUWrKvqN/qJx6yoJsgKhblVd+iqqU4RCXavm/jPityDo5TCvKMnpjKnOriy0w==}

  '@types/json-schema@7.0.15':
    resolution: {integrity: sha512-5+fP8P8MFNC+AyZCDxrB2pkZFPGzqQWUzpSeuuVLvm8VMcorNYavBqoFcxK8bQz4Qsbn4oUEEem4wDLfcysGHA==}

  '@types/node@25.3.3':
    resolution: {integrity: sha512-DpzbrH7wIcBaJibpKo9nnSQL0MTRdnWttGyE5haGwK86xgMOkFLp7vEyfQPGLOJh5wNYiJ3V9PmUMDhV9u8kkQ==}

  '@types/ws@8.18.1':
    resolution: {integrity: sha512-ThVF6DCVhA8kUGy+aazFQ4kXQ7E1Ty7A3ypFOe0IcJV8O/M511G99AW24irKrW56Wt44yG9+ij8FaqoBGkuBXg==}

  '@vercel/oidc@3.1.0':
    resolution: {integrity: sha512-Fw28YZpRnA3cAHHDlkt7xQHiJ0fcL+NRcIqsocZQUSmbzeIKRpwttJjik5ZGanXP+vlA4SbTg+AbA3bP363l+w==}
    engines: {node: '>= 20'}

  '@vladfrangu/async_event_emitter@2.4.7':
    resolution: {integrity: sha512-Xfe6rpCTxSxfbswi/W/Pz7zp1WWSNn4A0eW4mLkQUewCrXXtMj31lCg+iQyTkh/CkusZSq9eDflu7tjEDXUY6g==}
    engines: {node: '>=v14.0.0', npm: '>=7.0.0'}

  ai-sdk-ollama@3.8.0:
    resolution: {integrity: sha512-Nlla8FpK8QFMNh9m8sPCZoNqnr+n+Ud0QTqpXNds4j/b/lbVZGaji13ZcRuuFvBwPwd4xnFkNrijJzi70Ih1Tg==}
    engines: {node: '>=22'}
    peerDependencies:
      ai: ^6.0.89

  ai@6.0.106:
    resolution: {integrity: sha512-wAOLMLoVfTEN99FMwdqREi8tWeQCcns6DxkQg8kkzcTxc/ZTQaF7CRqgjI2OSQt2RlzKXPLcJBpZr7axc8cCgQ==}
    engines: {node: '>=18'}
    peerDependencies:
      zod: ^3.25.76 || ^4.1.8

  discord-api-types@0.38.40:
    resolution: {integrity: sha512-P/His8cotqZgQqrt+hzrocp9L8RhQQz1GkrCnC9TMJ8Uw2q0tg8YyqJyGULxhXn/8kxHETN4IppmOv+P2m82lQ==}

  discord.js@14.25.1:
    resolution: {integrity: sha512-2l0gsPOLPs5t6GFZfQZKnL1OJNYFcuC/ETWsW4VtKVD/tg4ICa9x+jb9bkPffkMdRpRpuUaO/fKkHCBeiCKh8g==}
    engines: {node: '>=18'}

  eventsource-parser@3.0.6:
    resolution: {integrity: sha512-Vo1ab+QXPzZ4tCa8SwIHJFaSzy4R6SHf7BY79rFBDf0idraZWAkYrDjDj8uWaSm3S2TK+hJ7/t1CEmZ7jXw+pg==}
    engines: {node: '>=18.0.0'}

  fast-deep-equal@3.1.3:
    resolution: {integrity: sha512-f3qQ9oQy9j2AhBe/H9VC91wLmKBCCU/gDOnKNAYG5hswO7BLKj09Hc5HYNz9cGI++xlpDCIgDaitVs03ATR84Q==}

  json-schema@0.4.0:
    resolution: {integrity: sha512-es94M3nTIfsEPisRafak+HDLfHXnKBhV3vU5eqPcS3flIWqcxJWgXHXiey3YrpaNsanY5ei1VoYEbOzijuq9BA==}

  jsonrepair@3.13.2:
    resolution: {integrity: sha512-Leuly0nbM4R+S5SVJk3VHfw1oxnlEK9KygdZvfUtEtTawNDyzB4qa1xWTmFt1aeoA7sXZkVTRuIixJ8bAvqVUg==}
    hasBin: true

  lodash.snakecase@4.1.1:
    resolution: {integrity: sha512-QZ1d4xoBHYUeuouhEq3lk3Uq7ldgyFXGBhg04+oRLnIz8o9T65Eh+8YdroUwn846zchkA9yDsDl5CVVaV2nqYw==}

  lodash@4.17.23:
    resolution: {integrity: sha512-LgVTMpQtIopCi79SJeDiP0TfWi5CNEc/L/aRdTh3yIvmZXTnheWpKjSZhnvMl8iXbC1tFg9gdHHDMLoV7CnG+w==}

  magic-bytes.js@1.13.0:
    resolution: {integrity: sha512-afO2mnxW7GDTXMm5/AoN1WuOcdoKhtgXjIvHmobqTD1grNplhGdv3PFOyjCVmrnOZBIT/gD/koDKpYG+0mvHcg==}

  ollama@0.6.3:
    resolution: {integrity: sha512-KEWEhIqE5wtfzEIZbDCLH51VFZ6Z3ZSa6sIOg/E/tBV8S51flyqBOXi+bRxlOYKDf8i327zG9eSTb8IJxvm3Zg==}

  pkce-challenge@5.0.1:
    resolution: {integrity: sha512-wQ0b/W4Fr01qtpHlqSqspcj3EhBvimsdh0KlHhH8HRZnMsEa0ea2fTULOXOS9ccQr3om+GcGRk4e+isrZWV8qQ==}
    engines: {node: '>=16.20.0'}

  toml@3.0.0:
    resolution: {integrity: sha512-y/mWCZinnvxjTKYhJ+pYxwD0mRLVvOtdS2Awbgxln6iEnt4rk0yBxeSBHkGJcPucRiG0e55mwWp+g/05rsrd6w==}

  ts-mixer@6.0.4:
    resolution: {integrity: sha512-ufKpbmrugz5Aou4wcr5Wc1UUFWOLhq+Fm6qa6P0w0K5Qw2yhaUoiWszhCVuNQyNwrlGiscHOmqYoAox1PtvgjA==}

  tslib@2.8.1:
    resolution: {integrity: sha512-oJFu94HQb+KVduSUQL7wnpmqnfmLsOA/nAh6b6EH0wCEoK0/mPeXU6c3wKDV83MkOuHPRHtSXKKU99IBazS/2w==}

  typescript@5.9.3:
    resolution: {integrity: sha512-jl1vZzPDinLr9eUt3J/t7V6FgNEw9QjvBPdysz9KfQDD41fQrC2Y4vKQdiaUpFT4bXlb1RHhLpp8wtm6M5TgSw==}
    engines: {node: '>=14.17'}
    hasBin: true

  undici-types@7.18.2:
    resolution: {integrity: sha512-AsuCzffGHJybSaRrmr5eHr81mwJU3kjw6M+uprWvCXiNeN9SOGwQ3Jn8jb8m3Z6izVgknn1R0FTCEAP2QrLY/w==}

  undici@6.21.3:
    resolution: {integrity: sha512-gBLkYIlEnSp8pFbT64yFgGE6UIB9tAkhukC23PmMDCe5Nd+cRqKxSjw5y54MK2AZMgZfJWMaNE4nYUHgi1XEOw==}
    engines: {node: '>=18.17'}

  whatwg-fetch@3.6.20:
    resolution: {integrity: sha512-EqhiFU6daOA8kpjOWTL0olhVOF3i7OrFzSYiGsEMB8GcXS+RrzauAERX65xMeNWVqxA6HXH2m69Z9LaKKdisfg==}

  ws@8.19.0:
    resolution: {integrity: sha512-blAT2mjOEIi0ZzruJfIhb3nps74PRWTCz1IjglWEEpQl5XS/UNama6u2/rjFkDDouqr4L67ry+1aGIALViWjDg==}
    engines: {node: '>=10.0.0'}
    peerDependencies:
      bufferutil: ^4.0.1
      utf-8-validate: '>=5.0.2'
    peerDependenciesMeta:
      bufferutil:
        optional: true
      utf-8-validate:
        optional: true

  zod@4.3.6:
    resolution: {integrity: sha512-rftlrkhHZOcjDwkGlnUtZZkvaPHCsDATp4pGpuOOMDaTdDDXF91wuVDJoWoPsKX/3YPQ5fHuF3STjcYyKr+Qhg==}

snapshots:

  '@ai-sdk/gateway@3.0.60(zod@4.3.6)':
    dependencies:
      '@ai-sdk/provider': 3.0.8
      '@ai-sdk/provider-utils': 4.0.16(zod@4.3.6)
      '@vercel/oidc': 3.1.0
      zod: 4.3.6

  '@ai-sdk/mcp@1.0.23(zod@4.3.6)':
    dependencies:
      '@ai-sdk/provider': 3.0.8
      '@ai-sdk/provider-utils': 4.0.17(zod@4.3.6)
      pkce-challenge: 5.0.1
      zod: 4.3.6

  '@ai-sdk/openai@3.0.38(zod@4.3.6)':
    dependencies:
      '@ai-sdk/provider': 3.0.8
      '@ai-sdk/provider-utils': 4.0.16(zod@4.3.6)
      zod: 4.3.6

  '@ai-sdk/provider-utils@4.0.16(zod@4.3.6)':
    dependencies:
      '@ai-sdk/provider': 3.0.8
      '@standard-schema/spec': 1.1.0
      eventsource-parser: 3.0.6
      zod: 4.3.6

  '@ai-sdk/provider-utils@4.0.17(zod@4.3.6)':
    dependencies:
      '@ai-sdk/provider': 3.0.8
      '@standard-schema/spec': 1.1.0
      eventsource-parser: 3.0.6
      zod: 4.3.6

  '@ai-sdk/provider@3.0.8':
    dependencies:
      json-schema: 0.4.0

  '@benricheson101/util@1.5.5': {}

  '@biomejs/biome@2.4.5':
    optionalDependencies:
      '@biomejs/cli-darwin-arm64': 2.4.5
      '@biomejs/cli-darwin-x64': 2.4.5
      '@biomejs/cli-linux-arm64': 2.4.5
      '@biomejs/cli-linux-arm64-musl': 2.4.5
      '@biomejs/cli-linux-x64': 2.4.5
      '@biomejs/cli-linux-x64-musl': 2.4.5
      '@biomejs/cli-win32-arm64': 2.4.5
      '@biomejs/cli-win32-x64': 2.4.5

  '@biomejs/cli-darwin-arm64@2.4.5':
    optional: true

  '@biomejs/cli-darwin-x64@2.4.5':
    optional: true

  '@biomejs/cli-linux-arm64-musl@2.4.5':
    optional: true

  '@biomejs/cli-linux-arm64@2.4.5':
    optional: true

  '@biomejs/cli-linux-x64-musl@2.4.5':
    optional: true

  '@biomejs/cli-linux-x64@2.4.5':
    optional: true

  '@biomejs/cli-win32-arm64@2.4.5':
    optional: true

  '@biomejs/cli-win32-x64@2.4.5':
    optional: true

  '@discordjs/builders@1.13.1':
    dependencies:
      '@discordjs/formatters': 0.6.2
      '@discordjs/util': 1.2.0
      '@sapphire/shapeshift': 4.0.0
      discord-api-types: 0.38.40
      fast-deep-equal: 3.1.3
      ts-mixer: 6.0.4
      tslib: 2.8.1

  '@discordjs/collection@1.5.3': {}

  '@discordjs/collection@2.1.1': {}

  '@discordjs/formatters@0.6.2':
    dependencies:
      discord-api-types: 0.38.40

  '@discordjs/rest@2.6.0':
    dependencies:
      '@discordjs/collection': 2.1.1
      '@discordjs/util': 1.2.0
      '@sapphire/async-queue': 1.5.5
      '@sapphire/snowflake': 3.5.3
      '@vladfrangu/async_event_emitter': 2.4.7
      discord-api-types: 0.38.40
      magic-bytes.js: 1.13.0
      tslib: 2.8.1
      undici: 6.21.3

  '@discordjs/util@1.2.0':
    dependencies:
      discord-api-types: 0.38.40

  '@discordjs/ws@1.2.3':
    dependencies:
      '@discordjs/collection': 2.1.1
      '@discordjs/rest': 2.6.0
      '@discordjs/util': 1.2.0
      '@sapphire/async-queue': 1.5.5
      '@types/ws': 8.18.1
      '@vladfrangu/async_event_emitter': 2.4.7
      discord-api-types: 0.38.40
      tslib: 2.8.1
      ws: 8.19.0
    transitivePeerDependencies:
      - bufferutil
      - utf-8-validate

  '@openrouter/ai-sdk-provider@2.3.3(ai@6.0.106(zod@4.3.6))(zod@4.3.6)':
    dependencies:
      ai: 6.0.106(zod@4.3.6)
      zod: 4.3.6

  '@opentelemetry/api@1.9.0': {}

  '@sapphire/async-queue@1.5.5': {}

  '@sapphire/shapeshift@4.0.0':
    dependencies:
      fast-deep-equal: 3.1.3
      lodash: 4.17.23

  '@sapphire/snowflake@3.5.3': {}

  '@standard-schema/spec@1.1.0': {}

  '@types/json-schema@7.0.15': {}

  '@types/node@25.3.3':
    dependencies:
      undici-types: 7.18.2

  '@types/ws@8.18.1':
    dependencies:
      '@types/node': 25.3.3

  '@vercel/oidc@3.1.0': {}

  '@vladfrangu/async_event_emitter@2.4.7': {}

  ai-sdk-ollama@3.8.0(ai@6.0.106(zod@4.3.6))(zod@4.3.6):
    dependencies:
      '@ai-sdk/provider': 3.0.8
      '@ai-sdk/provider-utils': 4.0.17(zod@4.3.6)
      ai: 6.0.106(zod@4.3.6)
      jsonrepair: 3.13.2
      ollama: 0.6.3
    transitivePeerDependencies:
      - zod

  ai@6.0.106(zod@4.3.6):
    dependencies:
      '@ai-sdk/gateway': 3.0.60(zod@4.3.6)
      '@ai-sdk/provider': 3.0.8
      '@ai-sdk/provider-utils': 4.0.16(zod@4.3.6)
      '@opentelemetry/api': 1.9.0
      zod: 4.3.6

  discord-api-types@0.38.40: {}

  discord.js@14.25.1:
    dependencies:
      '@discordjs/builders': 1.13.1
      '@discordjs/collection': 1.5.3
      '@discordjs/formatters': 0.6.2
      '@discordjs/rest': 2.6.0
      '@discordjs/util': 1.2.0
      '@discordjs/ws': 1.2.3
      '@sapphire/snowflake': 3.5.3
      discord-api-types: 0.38.40
      fast-deep-equal: 3.1.3
      lodash.snakecase: 4.1.1
      magic-bytes.js: 1.13.0
      tslib: 2.8.1
      undici: 6.21.3
    transitivePeerDependencies:
      - bufferutil
      - utf-8-validate

  eventsource-parser@3.0.6: {}

  fast-deep-equal@3.1.3: {}

  json-schema@0.4.0: {}

  jsonrepair@3.13.2: {}

  lodash.snakecase@4.1.1: {}

  lodash@4.17.23: {}

  magic-bytes.js@1.13.0: {}

  ollama@0.6.3:
    dependencies:
      whatwg-fetch: 3.6.20

  pkce-challenge@5.0.1: {}

  toml@3.0.0: {}

  ts-mixer@6.0.4: {}

  tslib@2.8.1: {}

  typescript@5.9.3: {}

  undici-types@7.18.2: {}

  undici@6.21.3: {}

  whatwg-fetch@3.6.20: {}

  ws@8.19.0: {}

  zod@4.3.6: {}
